
Microsoft Visual Studio Solution File, Format Version 12.00
# Visual Studio Version 16
VisualStudioVersion = 16.0.31624.102
MinimumVisualStudioVersion = 10.0.40219.1
Project("{FAE04EC0-301F-11D3-BF4B-00C04F79EFBC}") = "SerilogDemo", "SerilogDemo\SerilogDemo.csproj", "{77F86B42-9D65-4027-BE6E-120FEE6AA515}"
EndProject
Project("{FAE04EC0-301F-11D3-BF4B-00C04F79EFBC}") = "Example.Logging", "Example.Logging\Example.Logging.csproj", "{695E9253-EF08-4CFD-A1A4-F3F50BC6A393}"
EndProject
Global
	GlobalSection(SolutionConfigurationPlatforms) = preSolution
		Debug|Any CPU = Debug|Any CPU
		Release|Any CPU = Release|Any CPU
	EndGlobalSection
	GlobalSection(ProjectConfigurationPlatforms) = postSolution
		{77F86B42-9D65-4027-BE6E-120FEE6AA515}.Debug|Any CPU.ActiveCfg = Debug|Any CPU
		{77F86B42-9D65-4027-BE6E-120FEE6AA515}.Debug|Any CPU.Build.0 = Debug|Any CPU
		{77F86B42-9D65-4027-BE6E-120FEE6AA515}.Release|Any CPU.ActiveCfg = Release|Any CPU
		{77F86B42-9D65-4027-BE6E-120FEE6AA515}.Release|Any CPU.Build.0 = Release|Any CPU
		{695E9253-EF08-4CFD-A1A4-F3F50BC6A393}.Debug|Any CPU.ActiveCfg = Debug|Any CPU
		{695E9253-EF08-4CFD-A1A4-F3F50BC6A393}.Debug|Any CPU.Build.0 = Debug|Any CPU
		{695E9253-EF08-4CFD-A1A4-F3F50BC6A393}.Release|Any CPU.ActiveCfg = Release|Any CPU
		{695E9253-EF08-4CFD-A1A4-F3F50BC6A393}.Release|Any CPU.Build.0 = Release|Any CPU
	EndGlobalSection
	GlobalSection(SolutionProperties) = preSolution
		HideSolutionNode = FALSE
	EndGlobalSection
	GlobalSection(ExtensibilityGlobals) = postSolution
		SolutionGuid = {46988FBE-2EF0-463B-B7AC-48053040C2E6}
	EndGlobalSection
EndGlobal
